#MicroXplorer Configuration settings - do not modify
Mcu.Family=STM32F1
ProjectManager.MainLocation=Src
RCC.MCOFreq_Value=72000000
PB13.GPIOParameters=GPIO_Speed,GPIO_Label
PC7.GPIOParameters=GPIO_Speed,GPIO_Label
USART2.IPParameters=VirtualMode,BaudRate
ProjectManager.KeepUserCode=true
Mcu.UserName=STM32F103RCTx
PB10.Mode=I2C
PC12.Locked=true
RCC.PLLCLKFreq_Value=72000000
PC12.Signal=GPIO_Input
PB14.GPIO_Label=R3
PC7.Locked=true
ProjectManager.functionlistsort=1-MX_GPIO_Init-GPIO-false-HAL-true,2-SystemClock_Config-RCC-false-HAL-false,3-MX_TIM6_Init-TIM6-false-HAL-true,4-MX_I2C2_Init-I2C2-false-HAL-true,5-MX_USART1_UART_Init-USART1-false-HAL-true,6-MX_USART2_UART_Init-USART2-false-HAL-true,7-MX_TIM7_Init-TIM7-false-HAL-true
PC0.GPIOParameters=GPIO_Label
PA11.GPIOParameters=GPIO_Label
PC0.GPIO_Label=IR1
PC6.GPIO_Label=L1
PC3.Locked=true
PC9.Locked=true
RCC.ADCFreqValue=36000000
PD2.Locked=true
PD2.GPIOParameters=GPIO_Label
USART1.IPParameters=VirtualMode
PC1.Locked=true
PB13.GPIO_Label=R2
PB11.Signal=I2C2_SDA
PB13.Signal=GPIO_Output
PB15.Signal=GPIO_Output
PinOutPanel.RotationAngle=0
RCC.SYSCLKSource=RCC_SYSCLKSOURCE_PLLCLK
ProjectManager.StackSize=0x400
PB5.GPIOParameters=GPIO_Label
PD1-OSC_OUT.Signal=RCC_OSC_OUT
VP_TIM7_VS_ClockSourceINT.Mode=Enable_Timer
Mcu.IP4=TIM6
RCC.FCLKCortexFreq_Value=72000000
Mcu.IP5=TIM7
NVIC.SVCall_IRQn=true\:0\:0\:false\:false\:true\:false\:false
Mcu.IP2=RCC
RCC.SDIOHCLKDiv2FreqValue=36000000
Mcu.IP3=SYS
PB4.GPIOParameters=GPIO_Label
Mcu.IP0=I2C2
Mcu.IP1=NVIC
Mcu.UserConstants=
PC1.GPIOParameters=GPIO_Label
Mcu.ThirdPartyNb=0
RCC.SDIOFreq_Value=72000000
RCC.HCLKFreq_Value=72000000
Mcu.IPNb=8
ProjectManager.PreviousToolchain=SW4STM32
RCC.APB2TimFreq_Value=72000000
PC7.Signal=GPIO_Output
PC3.Signal=GPIO_Input
Mcu.Pin6=PA2
TIM7.Period=100-1
Mcu.Pin7=PA3
Mcu.Pin8=PC4
Mcu.Pin9=PB10
RCC.AHBFreq_Value=72000000
PB13.Locked=true
Mcu.Pin0=PD0-OSC_IN
Mcu.Pin1=PD1-OSC_OUT
GPIO.groupedBy=Group By Peripherals
Mcu.Pin2=PC0
Mcu.Pin3=PC1
Mcu.Pin4=PC2
Mcu.Pin5=PC3
ProjectManager.ProjectBuild=false
NVIC.UsageFault_IRQn=true\:0\:0\:false\:false\:true\:false\:false
NVIC.DebugMonitor_IRQn=true\:0\:0\:false\:false\:true\:false\:false
NVIC.SysTick_IRQn=true\:0\:0\:false\:false\:true\:false\:true
RCC.PLLMUL=RCC_PLL_MUL9
PB12.GPIO_Label=R1
ProjectManager.FirmwarePackage=STM32Cube FW_F1 V1.8.0
MxDb.Version=DB.5.0.60
VP_TIM7_VS_ClockSourceINT.Signal=TIM7_VS_ClockSourceINT
ProjectManager.BackupPrevious=false
PC4.GPIO_Label=IR55
PA14.Mode=Serial_Wire
File.Version=6
PB3.GPIOParameters=GPIO_Label
NVIC.PendSV_IRQn=true\:0\:0\:false\:false\:true\:false\:false
TIM6.Period=100-1
ProjectManager.HalAssertFull=false
ProjectManager.ProjectName=maze_stm32_cubemx+clion
RCC.PLLMCOFreq_Value=36000000
PC8.GPIOParameters=GPIO_Speed,GPIO_Label
Mcu.Package=LQFP64
RCC.I2S2Freq_Value=72000000
USART2.VirtualMode=VM_ASYNC
ProjectManager.ToolChainLocation=
VP_SYS_VS_Systick.Signal=SYS_VS_Systick
PA10.Signal=USART1_RX
PC8.GPIO_Speed=GPIO_SPEED_FREQ_LOW
PB14.GPIOParameters=GPIO_Speed,GPIO_Label
PB5.GPIO_Label=A2
RCC.APB1TimFreq_Value=72000000
NVIC.BusFault_IRQn=true\:0\:0\:false\:false\:true\:false\:false
PC4.Locked=true
NVIC.USART1_IRQn=true\:0\:0\:false\:false\:true\:true\:true
PC6.GPIO_Speed=GPIO_SPEED_FREQ_LOW
PC2.GPIO_Label=IR3
NVIC.TIM7_IRQn=true\:0\:0\:false\:false\:true\:true\:true
ProjectManager.CustomerFirmwarePackage=
PC4.GPIOParameters=GPIO_Label
PB15.Locked=true
PB3.Locked=true
PB4.Signal=GPIO_Output
PA3.Signal=USART2_RX
PB3.GPIO_Label=A0
RCC.PLLSourceVirtual=RCC_PLLSOURCE_HSE
ProjectManager.ProjectFileName=maze_stm32_cubemx+clion.ioc
PD1-OSC_OUT.Mode=HSE-External-Oscillator
PA10.Mode=Asynchronous
Mcu.PinsNb=32
PC9.GPIO_Label=L4
ProjectManager.NoMain=false
PC8.Signal=GPIO_Output
TIM6.Prescaler=7200-1
PC2.Signal=GPIO_Input
PC4.Signal=GPIO_Input
PC6.Signal=GPIO_Output
VP_TIM6_VS_ClockSourceINT.Mode=Enable_Timer
PA11.GPIO_Label=KEY
ProjectManager.DefaultFWLocation=true
PD0-OSC_IN.Signal=RCC_OSC_IN
PB12.Locked=true
ProjectManager.DeletePrevious=true
PC0.Signal=GPIO_Input
PB14.Locked=true
RCC.APB1CLKDivider=RCC_HCLK_DIV2
NVIC.USART2_IRQn=true\:0\:0\:false\:false\:true\:true\:true
USART2.BaudRate=9600
RCC.FamilyName=M
RCC.I2S3Freq_Value=72000000
NVIC.TIM6_IRQn=true\:0\:0\:false\:false\:true\:true\:true
PC3.GPIOParameters=GPIO_Label
VP_TIM6_VS_ClockSourceINT.Signal=TIM6_VS_ClockSourceINT
PC12.GPIOParameters=GPIO_Label
PC8.GPIO_Label=L3
PA3.Mode=Asynchronous
PA13.Signal=SYS_JTMS-SWDIO
PA11.Locked=true
PA9.Mode=Asynchronous
TIM6.IPParameters=Prescaler,Period
PB11.Mode=I2C
ProjectManager.TargetToolchain=SW4STM32
PB14.GPIO_Speed=GPIO_SPEED_FREQ_LOW
PC6.Locked=true
PA9.Signal=USART1_TX
PB13.GPIO_Speed=GPIO_SPEED_FREQ_LOW
PB5.Locked=true
PC2.Locked=true
RCC.USBFreq_Value=72000000
PB12.GPIO_Speed=GPIO_SPEED_FREQ_LOW
PD0-OSC_IN.Mode=HSE-External-Oscillator
PB10.Signal=I2C2_SCL
PC6.PinState=GPIO_PIN_RESET
PB14.Signal=GPIO_Output
TIM7.Prescaler=7200-1
board=custom
PC7.GPIO_Speed=GPIO_SPEED_FREQ_LOW
ProjectManager.LastFirmware=true
RCC.VCOOutput2Freq_Value=8000000
RCC.APB2Freq_Value=72000000
TIM7.IPParameters=Prescaler,Period
MxCube.Version=5.6.1
PB4.GPIO_Label=A1
PB15.GPIO_Label=R4
PB15.GPIO_Speed=GPIO_SPEED_FREQ_LOW
PC2.GPIOParameters=GPIO_Label
Mcu.Pin30=VP_TIM6_VS_ClockSourceINT
PC1.GPIO_Label=IR2
VP_SYS_VS_Systick.Mode=SysTick
Mcu.Pin31=VP_TIM7_VS_ClockSourceINT
NVIC.NonMaskableInt_IRQn=true\:0\:0\:false\:false\:true\:false\:false
PB15.GPIOParameters=GPIO_Speed,GPIO_Label
PA13.Mode=Serial_Wire
ProjectManager.FreePins=false
RCC.IPParameters=ADCFreqValue,AHBFreq_Value,APB1CLKDivider,APB1Freq_Value,APB1TimFreq_Value,APB2Freq_Value,APB2TimFreq_Value,FCLKCortexFreq_Value,FamilyName,HCLKFreq_Value,I2S2Freq_Value,I2S3Freq_Value,MCOFreq_Value,PLLCLKFreq_Value,PLLMCOFreq_Value,PLLMUL,PLLSourceVirtual,SDIOFreq_Value,SDIOHCLKDiv2FreqValue,SYSCLKFreq_VALUE,SYSCLKSource,TimSysFreq_Value,USBFreq_Value,VCOOutput2Freq_Value
PC9.GPIOParameters=GPIO_Speed,GPIO_Label
ProjectManager.AskForMigrate=true
Mcu.Name=STM32F103R(C-D-E)Tx
Mcu.Pin26=PB3
Mcu.Pin27=PB4
PA2.Signal=USART2_TX
Mcu.Pin24=PC12
ProjectManager.UnderRoot=true
Mcu.Pin25=PD2
PC7.GPIO_Label=L2
Mcu.Pin28=PB5
Mcu.IP6=USART1
Mcu.Pin29=VP_SYS_VS_Systick
Mcu.IP7=USART2
ProjectManager.CoupleFile=true
PB4.Locked=true
PB3.Signal=GPIO_Output
RCC.SYSCLKFreq_VALUE=72000000
Mcu.Pin22=PA13
PB5.Signal=GPIO_Output
Mcu.Pin23=PA14
RCC.TimSysFreq_Value=72000000
Mcu.Pin20=PA10
Mcu.Pin21=PA11
NVIC.ForceEnableDMAVector=true
KeepUserPlacement=false
NVIC.MemoryManagement_IRQn=true\:0\:0\:false\:false\:true\:false\:false
PC12.GPIO_Label=IR5
USART1.VirtualMode=VM_ASYNC
ProjectManager.CompilerOptimize=6
PA11.Signal=GPIO_Input
PA14.Signal=SYS_JTCK-SWCLK
ProjectManager.HeapSize=0x200
Mcu.Pin15=PC6
NVIC.HardFault_IRQn=true\:0\:0\:false\:false\:true\:false\:false
Mcu.Pin16=PC7
Mcu.Pin13=PB14
PC6.GPIOParameters=GPIO_Speed,PinState,GPIO_Label
Mcu.Pin14=PB15
Mcu.Pin19=PA9
ProjectManager.ComputerToolchain=false
Mcu.Pin17=PC8
Mcu.Pin18=PC9
PC9.GPIO_Speed=GPIO_SPEED_FREQ_LOW
NVIC.PriorityGroup=NVIC_PRIORITYGROUP_4
Mcu.Pin11=PB12
Mcu.Pin12=PB13
Mcu.Pin10=PB11
PA2.Mode=Asynchronous
PC3.GPIO_Label=IR4
PC8.Locked=true
PC9.Signal=GPIO_Output
PD2.Signal=GPIO_Output
RCC.APB1Freq_Value=36000000
PC0.Locked=true
ProjectManager.DeviceId=STM32F103RCTx
PB12.GPIOParameters=GPIO_Speed,GPIO_Label
PC1.Signal=GPIO_Input
PB12.Signal=GPIO_Output
PD2.GPIO_Label=LED
ProjectManager.LibraryCopy=1
