#MicroXplorer Configuration settings - do not modify
Mcu.Family=STM32F1
ProjectManager.MainLocation=Src
RCC.MCOFreq_Value=72000000
SH.S_TIM4_CH2.ConfNb=1
USART2.IPParameters=VirtualMode,BaudRate
ProjectManager.KeepUserCode=true
Mcu.UserName=STM32F103RCTx
PB10.Mode=I2C
RCC.PLLCLKFreq_Value=72000000
TIM4.EncoderMode=TIM_ENCODERMODE_TI12
TIM3.EncoderMode=TIM_ENCODERMODE_TI12
ProjectManager.functionlistsort=1-MX_GPIO_Init-GPIO-false-HAL-true,2-SystemClock_Config-RCC-false-HAL-false,3-MX_TIM3_Init-TIM3-false-HAL-true,4-MX_TIM4_Init-TIM4-false-HAL-true,5-MX_TIM6_Init-TIM6-false-HAL-true,6-MX_TIM8_Init-TIM8-false-HAL-true,7-MX_I2C2_Init-I2C2-false-HAL-true,8-MX_USART1_UART_Init-USART1-false-HAL-true,9-MX_USART2_UART_Init-USART2-false-HAL-true,10-MX_TIM7_Init-TIM7-false-HAL-true
PC0.GPIOParameters=GPIO_Label
PA11.GPIOParameters=GPIO_Label
PC0.GPIO_Label=IR1
PC3.Locked=true
RCC.ADCFreqValue=36000000
TIM8.Channel-PWM\ Generation4\ CH4=TIM_CHANNEL_4
PD2.Locked=true
PD2.GPIOParameters=GPIO_Label
USART1.IPParameters=VirtualMode
PC1.Locked=true
PB11.Signal=I2C2_SDA
PinOutPanel.RotationAngle=0
RCC.SYSCLKSource=RCC_SYSCLKSOURCE_PLLCLK
ProjectManager.StackSize=0x400
PB5.GPIOParameters=GPIO_Label
PD1-OSC_OUT.Signal=RCC_OSC_OUT
VP_TIM7_VS_ClockSourceINT.Mode=Enable_Timer
Mcu.IP4=TIM3
RCC.FCLKCortexFreq_Value=72000000
Mcu.IP5=TIM4
NVIC.SVCall_IRQn=true\:0\:0\:false\:false\:true\:false\:false
Mcu.IP2=RCC
RCC.SDIOHCLKDiv2FreqValue=36000000
Mcu.IP3=SYS
PB4.GPIOParameters=GPIO_Label
Mcu.IP0=I2C2
Mcu.IP1=NVIC
Mcu.UserConstants=
SH.S_TIM3_CH2.ConfNb=1
PC1.GPIOParameters=GPIO_Label
Mcu.ThirdPartyNb=0
RCC.SDIOFreq_Value=72000000
RCC.HCLKFreq_Value=72000000
TIM8.Channel-PWM\ Generation1\ CH1=TIM_CHANNEL_1
Mcu.IPNb=11
ProjectManager.PreviousToolchain=SW4STM32
RCC.APB2TimFreq_Value=72000000
TIM3.Period=65535
PB6.Signal=S_TIM4_CH1
PC7.Signal=S_TIM8_CH2
PC3.Signal=GPIO_Input
Mcu.Pin6=PA2
TIM7.Period=100-1
Mcu.Pin7=PA3
Mcu.Pin8=PA6
Mcu.Pin9=PA7
RCC.AHBFreq_Value=72000000
Mcu.Pin0=PD0-OSC_IN
Mcu.Pin1=PD1-OSC_OUT
TIM8.IPParameters=Channel-PWM Generation1 CH1,Channel-PWM Generation2 CH2,Channel-PWM Generation3 CH3,Channel-PWM Generation4 CH4,Period
GPIO.groupedBy=Group By Peripherals
Mcu.Pin2=PC0
Mcu.Pin3=PC1
Mcu.Pin4=PC2
Mcu.Pin5=PC3
ProjectManager.ProjectBuild=false
NVIC.UsageFault_IRQn=true\:0\:0\:false\:false\:true\:false\:false
NVIC.DebugMonitor_IRQn=true\:0\:0\:false\:false\:true\:false\:false
Mcu.IP10=USART2
NVIC.SysTick_IRQn=true\:0\:0\:false\:false\:true\:false\:true
RCC.PLLMUL=RCC_PLL_MUL9
ProjectManager.FirmwarePackage=STM32Cube FW_F1 V1.8.0
MxDb.Version=DB.5.0.60
VP_TIM7_VS_ClockSourceINT.Signal=TIM7_VS_ClockSourceINT
ProjectManager.BackupPrevious=false
PC4.GPIO_Label=IR5
PA14.Mode=Serial_Wire
File.Version=6
PB3.GPIOParameters=GPIO_Label
SH.S_TIM4_CH2.0=TIM4_CH2,Encoder_Interface
PB7.Signal=S_TIM4_CH2
NVIC.PendSV_IRQn=true\:0\:0\:false\:false\:true\:false\:false
SH.S_TIM3_CH1.0=TIM3_CH1,Encoder_Interface
TIM4.Period=65535
TIM6.Period=100-1
ProjectManager.HalAssertFull=false
SH.S_TIM8_CH1.ConfNb=1
ProjectManager.ProjectName=maze_stm32_cubemx+clion
SH.S_TIM8_CH3.ConfNb=1
RCC.PLLMCOFreq_Value=36000000
Mcu.Package=LQFP64
PA6.Signal=S_TIM3_CH1
TIM8.Channel-PWM\ Generation3\ CH3=TIM_CHANNEL_3
SH.S_TIM8_CH4.0=TIM8_CH4,PWM Generation4 CH4
RCC.I2S2Freq_Value=72000000
USART2.VirtualMode=VM_ASYNC
ProjectManager.ToolChainLocation=
VP_SYS_VS_Systick.Signal=SYS_VS_Systick
PA10.Signal=USART1_RX
TIM8.Channel-PWM\ Generation2\ CH2=TIM_CHANNEL_2
TIM4.IC1Filter=10
PB5.GPIO_Label=A2
SH.S_TIM4_CH1.0=TIM4_CH1,Encoder_Interface
RCC.APB1TimFreq_Value=72000000
NVIC.BusFault_IRQn=true\:0\:0\:false\:false\:true\:false\:false
PC4.Locked=true
NVIC.USART1_IRQn=true\:0\:0\:false\:false\:true\:true\:true
PC2.GPIO_Label=IR3
NVIC.TIM7_IRQn=true\:0\:0\:false\:false\:true\:true\:true
ProjectManager.CustomerFirmwarePackage=
PC4.GPIOParameters=GPIO_Label
PB3.Locked=true
PB4.Signal=GPIO_Output
PA3.Signal=USART2_RX
SH.S_TIM8_CH3.0=TIM8_CH3,PWM Generation3 CH3
PB3.GPIO_Label=A0
RCC.PLLSourceVirtual=RCC_PLLSOURCE_HSE
SH.S_TIM4_CH1.ConfNb=1
ProjectManager.ProjectFileName=maze_stm32_cubemx+clion.ioc
PD1-OSC_OUT.Mode=HSE-External-Oscillator
PA10.Mode=Asynchronous
Mcu.PinsNb=31
ProjectManager.NoMain=false
PC8.Signal=S_TIM8_CH3
TIM6.Prescaler=7200-1
PC2.Signal=GPIO_Input
PC4.Signal=GPIO_Input
PC6.Signal=S_TIM8_CH1
VP_TIM6_VS_ClockSourceINT.Mode=Enable_Timer
PA11.GPIO_Label=KEY
ProjectManager.DefaultFWLocation=true
TIM4.IC2Filter=10
PD0-OSC_IN.Signal=RCC_OSC_IN
ProjectManager.DeletePrevious=true
PC0.Signal=GPIO_Input
RCC.APB1CLKDivider=RCC_HCLK_DIV2
NVIC.USART2_IRQn=true\:0\:0\:false\:false\:true\:true\:true
USART2.BaudRate=9600
SH.S_TIM8_CH2.0=TIM8_CH2,PWM Generation2 CH2
RCC.FamilyName=M
RCC.I2S3Freq_Value=72000000
NVIC.TIM6_IRQn=true\:0\:0\:false\:false\:true\:true\:true
PC3.GPIOParameters=GPIO_Label
VP_TIM6_VS_ClockSourceINT.Signal=TIM6_VS_ClockSourceINT
PA13.Signal=SYS_JTMS-SWDIO
PA3.Mode=Asynchronous
PA11.Locked=true
PA9.Mode=Asynchronous
TIM6.IPParameters=Prescaler,Period
PB11.Mode=I2C
ProjectManager.TargetToolchain=SW4STM32
TIM3.IC2Filter=10
TIM4.IPParameters=Period,EncoderMode,IC1Filter,IC2Filter
PA9.Signal=USART1_TX
PB5.Locked=true
PC2.Locked=true
RCC.USBFreq_Value=72000000
PD0-OSC_IN.Mode=HSE-External-Oscillator
PB10.Signal=I2C2_SCL
SH.S_TIM8_CH4.ConfNb=1
SH.S_TIM3_CH2.0=TIM3_CH2,Encoder_Interface
TIM3.IC1Filter=10
SH.S_TIM8_CH1.0=TIM8_CH1,PWM Generation1 CH1
TIM7.Prescaler=7200-1
board=custom
ProjectManager.LastFirmware=true
RCC.VCOOutput2Freq_Value=8000000
RCC.APB2Freq_Value=72000000
TIM7.IPParameters=Prescaler,Period
MxCube.Version=5.6.1
PB4.GPIO_Label=A1
PC2.GPIOParameters=GPIO_Label
Mcu.Pin30=VP_TIM7_VS_ClockSourceINT
PC1.GPIO_Label=IR2
VP_SYS_VS_Systick.Mode=SysTick
TIM3.IPParameters=Period,EncoderMode,IC1Filter,IC2Filter
NVIC.NonMaskableInt_IRQn=true\:0\:0\:false\:false\:true\:false\:false
PA13.Mode=Serial_Wire
ProjectManager.FreePins=false
RCC.IPParameters=ADCFreqValue,AHBFreq_Value,APB1CLKDivider,APB1Freq_Value,APB1TimFreq_Value,APB2Freq_Value,APB2TimFreq_Value,FCLKCortexFreq_Value,FamilyName,HCLKFreq_Value,I2S2Freq_Value,I2S3Freq_Value,MCOFreq_Value,PLLCLKFreq_Value,PLLMCOFreq_Value,PLLMUL,PLLSourceVirtual,SDIOFreq_Value,SDIOHCLKDiv2FreqValue,SYSCLKFreq_VALUE,SYSCLKSource,TimSysFreq_Value,USBFreq_Value,VCOOutput2Freq_Value
ProjectManager.AskForMigrate=true
Mcu.Name=STM32F103R(C-D-E)Tx
Mcu.Pin26=PB6
Mcu.Pin27=PB7
PA2.Signal=USART2_TX
Mcu.Pin24=PB4
ProjectManager.UnderRoot=true
Mcu.Pin25=PB5
Mcu.IP8=TIM8
TIM8.Period=7200-1
Mcu.IP9=USART1
Mcu.Pin28=VP_SYS_VS_Systick
Mcu.IP6=TIM6
Mcu.Pin29=VP_TIM6_VS_ClockSourceINT
Mcu.IP7=TIM7
ProjectManager.CoupleFile=true
PB4.Locked=true
PB3.Signal=GPIO_Output
RCC.SYSCLKFreq_VALUE=72000000
Mcu.Pin22=PD2
PB5.Signal=GPIO_Output
Mcu.Pin23=PB3
RCC.TimSysFreq_Value=72000000
Mcu.Pin20=PA13
Mcu.Pin21=PA14
NVIC.ForceEnableDMAVector=true
KeepUserPlacement=false
NVIC.MemoryManagement_IRQn=true\:0\:0\:false\:false\:true\:false\:false
USART1.VirtualMode=VM_ASYNC
ProjectManager.CompilerOptimize=6
PA11.Signal=GPIO_Input
PA14.Signal=SYS_JTCK-SWCLK
ProjectManager.HeapSize=0x200
Mcu.Pin15=PC8
NVIC.HardFault_IRQn=true\:0\:0\:false\:false\:true\:false\:false
Mcu.Pin16=PC9
Mcu.Pin13=PC6
Mcu.Pin14=PC7
Mcu.Pin19=PA11
SH.S_TIM3_CH1.ConfNb=1
ProjectManager.ComputerToolchain=false
Mcu.Pin17=PA9
Mcu.Pin18=PA10
NVIC.PriorityGroup=NVIC_PRIORITYGROUP_4
Mcu.Pin11=PB10
Mcu.Pin12=PB11
Mcu.Pin10=PC4
PA2.Mode=Asynchronous
PC3.GPIO_Label=IR4
PC9.Signal=S_TIM8_CH4
PD2.Signal=GPIO_Output
RCC.APB1Freq_Value=36000000
PC0.Locked=true
ProjectManager.DeviceId=STM32F103RCTx
SH.S_TIM8_CH2.ConfNb=1
PC1.Signal=GPIO_Input
PD2.GPIO_Label=LED
ProjectManager.LibraryCopy=1
PA7.Signal=S_TIM3_CH2
