#MicroXplorer Configuration settings - do not modify
Mcu.Family=STM32F1
RCC.PLLSourceVirtual=RCC_PLLSOURCE_HSE
ProjectManager.MainLocation=Src
SH.S_TIM4_CH1.ConfNb=1
RCC.MCOFreq_Value=72000000
SH.S_TIM4_CH2.ConfNb=1
ProjectManager.ProjectFileName=maze_stm32_cubemx+clion.ioc
PD1-OSC_OUT.Mode=HSE-External-Oscillator
ProjectManager.KeepUserCode=true
Mcu.UserName=STM32F103RCTx
Mcu.PinsNb=21
ProjectManager.NoMain=false
RCC.PLLCLKFreq_Value=72000000
TIM4.EncoderMode=TIM_ENCODERMODE_TI12
TIM3.EncoderMode=TIM_ENCODERMODE_TI12
ProjectManager.functionlistsort=1-MX_GPIO_Init-GPIO-false-HAL-true,2-SystemClock_Config-RCC-false-HAL-false,3-MX_TIM3_Init-TIM3-false-HAL-true,4-MX_TIM4_Init-TIM4-false-HAL-true,5-MX_TIM6_Init-TIM6-false-HAL-true,6-MX_TIM8_Init-TIM8-false-HAL-true
PC0.GPIOParameters=GPIO_Label
PC8.Signal=S_TIM8_CH3
TIM6.Prescaler=7200-1
PC2.Signal=GPIO_Input
PC4.Signal=GPIO_Input
PC6.Signal=S_TIM8_CH1
VP_TIM6_VS_ClockSourceINT.Mode=Enable_Timer
PA11.GPIOParameters=GPIO_Label
PC0.GPIO_Label=IR0
PC3.Locked=true
PA11.GPIO_Label=KEY
RCC.ADCFreqValue=36000000
ProjectManager.DefaultFWLocation=true
TIM4.IC2Filter=10
TIM8.Channel-PWM\ Generation4\ CH4=TIM_CHANNEL_4
PD2.Locked=true
PD0-OSC_IN.Signal=RCC_OSC_IN
PD2.GPIOParameters=GPIO_Label
ProjectManager.DeletePrevious=true
PC0.Signal=GPIO_Input
RCC.APB1CLKDivider=RCC_HCLK_DIV2
PC1.Locked=true
PinOutPanel.RotationAngle=0
SH.S_TIM8_CH2.0=TIM8_CH2,PWM Generation2 CH2
RCC.FamilyName=M
RCC.I2S3Freq_Value=72000000
RCC.SYSCLKSource=RCC_SYSCLKSOURCE_PLLCLK
ProjectManager.StackSize=0x400
PD1-OSC_OUT.Signal=RCC_OSC_OUT
NVIC.TIM6_IRQn=true\:0\:0\:false\:false\:true\:true\:true
PC3.GPIOParameters=GPIO_Label
VP_TIM6_VS_ClockSourceINT.Signal=TIM6_VS_ClockSourceINT
PA13.Signal=SYS_JTMS-SWDIO
Mcu.IP4=TIM4
RCC.FCLKCortexFreq_Value=72000000
Mcu.IP5=TIM6
NVIC.SVCall_IRQn=true\:0\:0\:false\:false\:true\:false\:false
Mcu.IP2=SYS
RCC.SDIOHCLKDiv2FreqValue=36000000
Mcu.IP3=TIM3
Mcu.IP0=NVIC
PA11.Locked=true
Mcu.IP1=RCC
TIM6.IPParameters=Prescaler,Period
Mcu.UserConstants=
SH.S_TIM3_CH2.ConfNb=1
ProjectManager.TargetToolchain=SW4STM32
TIM3.IC2Filter=10
TIM4.IPParameters=Period,EncoderMode,IC1Filter,IC2Filter
PC1.GPIOParameters=GPIO_Label
Mcu.ThirdPartyNb=0
RCC.SDIOFreq_Value=72000000
RCC.HCLKFreq_Value=72000000
TIM8.Channel-PWM\ Generation1\ CH1=TIM_CHANNEL_1
Mcu.IPNb=7
ProjectManager.PreviousToolchain=SW4STM32
RCC.APB2TimFreq_Value=72000000
TIM3.Period=65535
PB6.Signal=S_TIM4_CH1
PC7.Signal=S_TIM8_CH2
PC3.Signal=GPIO_Input
Mcu.Pin6=PA6
PC2.Locked=true
Mcu.Pin7=PA7
Mcu.Pin8=PC4
RCC.USBFreq_Value=72000000
Mcu.Pin9=PC6
RCC.AHBFreq_Value=72000000
Mcu.Pin0=PD0-OSC_IN
Mcu.Pin1=PD1-OSC_OUT
TIM8.IPParameters=Channel-PWM Generation1 CH1,Channel-PWM Generation2 CH2,Channel-PWM Generation3 CH3,Channel-PWM Generation4 CH4,Period
GPIO.groupedBy=
PD0-OSC_IN.Mode=HSE-External-Oscillator
Mcu.Pin2=PC0
Mcu.Pin3=PC1
Mcu.Pin4=PC2
SH.S_TIM8_CH4.ConfNb=1
Mcu.Pin5=PC3
ProjectManager.ProjectBuild=false
SH.S_TIM3_CH2.0=TIM3_CH2,Encoder_Interface
TIM3.IC1Filter=10
NVIC.UsageFault_IRQn=true\:0\:0\:false\:false\:true\:false\:false
SH.S_TIM8_CH1.0=TIM8_CH1,PWM Generation1 CH1
NVIC.DebugMonitor_IRQn=true\:0\:0\:false\:false\:true\:false\:false
board=custom
NVIC.SysTick_IRQn=true\:0\:0\:false\:false\:true\:false\:true
ProjectManager.LastFirmware=true
RCC.PLLMUL=RCC_PLL_MUL9
RCC.VCOOutput2Freq_Value=8000000
ProjectManager.FirmwarePackage=STM32Cube FW_F1 V1.8.0
MxDb.Version=DB.5.0.60
RCC.APB2Freq_Value=72000000
ProjectManager.BackupPrevious=false
MxCube.Version=5.6.1
PC4.GPIO_Label=IR4
PA14.Mode=Serial_Wire
PC2.GPIOParameters=GPIO_Label
File.Version=6
PC1.GPIO_Label=IR1
VP_SYS_VS_Systick.Mode=SysTick
TIM3.IPParameters=Period,EncoderMode,IC1Filter,IC2Filter
SH.S_TIM4_CH2.0=TIM4_CH2,Encoder_Interface
PB7.Signal=S_TIM4_CH2
NVIC.NonMaskableInt_IRQn=true\:0\:0\:false\:false\:true\:false\:false
NVIC.PendSV_IRQn=true\:0\:0\:false\:false\:true\:false\:false
SH.S_TIM3_CH1.0=TIM3_CH1,Encoder_Interface
TIM4.Period=65535
TIM6.Period=100-1
PA13.Mode=Serial_Wire
ProjectManager.FreePins=false
RCC.IPParameters=ADCFreqValue,AHBFreq_Value,APB1CLKDivider,APB1Freq_Value,APB1TimFreq_Value,APB2Freq_Value,APB2TimFreq_Value,FCLKCortexFreq_Value,FamilyName,HCLKFreq_Value,I2S2Freq_Value,I2S3Freq_Value,MCOFreq_Value,PLLCLKFreq_Value,PLLMCOFreq_Value,PLLMUL,PLLSourceVirtual,SDIOFreq_Value,SDIOHCLKDiv2FreqValue,SYSCLKFreq_VALUE,SYSCLKSource,TimSysFreq_Value,USBFreq_Value,VCOOutput2Freq_Value
ProjectManager.AskForMigrate=true
Mcu.Name=STM32F103R(C-D-E)Tx
ProjectManager.HalAssertFull=false
SH.S_TIM8_CH1.ConfNb=1
ProjectManager.ProjectName=maze_stm32_cubemx+clion
ProjectManager.UnderRoot=true
SH.S_TIM8_CH3.ConfNb=1
TIM8.Period=7200-1
Mcu.IP6=TIM8
RCC.PLLMCOFreq_Value=36000000
ProjectManager.CoupleFile=true
RCC.SYSCLKFreq_VALUE=72000000
Mcu.Package=LQFP64
PA6.Signal=S_TIM3_CH1
RCC.TimSysFreq_Value=72000000
Mcu.Pin20=VP_TIM6_VS_ClockSourceINT
TIM8.Channel-PWM\ Generation3\ CH3=TIM_CHANNEL_3
SH.S_TIM8_CH4.0=TIM8_CH4,PWM Generation4 CH4
RCC.I2S2Freq_Value=72000000
NVIC.ForceEnableDMAVector=true
KeepUserPlacement=false
NVIC.MemoryManagement_IRQn=true\:0\:0\:false\:false\:true\:false\:false
ProjectManager.CompilerOptimize=6
ProjectManager.ToolChainLocation=
VP_SYS_VS_Systick.Signal=SYS_VS_Systick
PA11.Signal=GPIO_Input
PA14.Signal=SYS_JTCK-SWCLK
TIM8.Channel-PWM\ Generation2\ CH2=TIM_CHANNEL_2
ProjectManager.HeapSize=0x200
Mcu.Pin15=PA14
NVIC.HardFault_IRQn=true\:0\:0\:false\:false\:true\:false\:false
Mcu.Pin16=PD2
Mcu.Pin13=PA11
Mcu.Pin14=PA13
Mcu.Pin19=VP_SYS_VS_Systick
TIM4.IC1Filter=10
SH.S_TIM3_CH1.ConfNb=1
ProjectManager.ComputerToolchain=false
Mcu.Pin17=PB6
Mcu.Pin18=PB7
NVIC.PriorityGroup=NVIC_PRIORITYGROUP_4
Mcu.Pin11=PC8
Mcu.Pin12=PC9
SH.S_TIM4_CH1.0=TIM4_CH1,Encoder_Interface
Mcu.Pin10=PC7
RCC.APB1TimFreq_Value=72000000
PC3.GPIO_Label=IR3
NVIC.BusFault_IRQn=true\:0\:0\:false\:false\:true\:false\:false
PC4.Locked=true
PC9.Signal=S_TIM8_CH4
PD2.Signal=GPIO_Output
RCC.APB1Freq_Value=36000000
PC2.GPIO_Label=IR2
ProjectManager.CustomerFirmwarePackage=
PC0.Locked=true
PC4.GPIOParameters=GPIO_Label
ProjectManager.DeviceId=STM32F103RCTx
SH.S_TIM8_CH2.ConfNb=1
PC1.Signal=GPIO_Input
PD2.GPIO_Label=LED
ProjectManager.LibraryCopy=1
PA7.Signal=S_TIM3_CH2
SH.S_TIM8_CH3.0=TIM8_CH3,PWM Generation3 CH3
